%{
  "bunt": {:hex, :bunt, "0.2.0", "951c6e801e8b1d2cbe58ebbd3e616a869061ddadcc4863d0a2182541acae9a38", [:mix], [], "hexpm", "7af5c7e09fe1d40f76c8e4f9dd2be7cebd83909f31fee7cd0e9eadc567da8353"},
  "credo": {:hex, :credo, "0.8.1", "137efcc99b4bc507c958ba9b5dff70149e971250813cbe7d4537ec7e36997402", [:mix], [{:bunt, "~> 0.2.0", [hex: :bunt, repo: "hexpm", optional: false]}], "hexpm", "27b5502c571a6877a9e8ed0bef599cd266b1ac5a2c5151c1534ad1235fc7a84a"},
  "earmark": {:hex, :earmark, "1.2.2", "f718159d6b65068e8daeef709ccddae5f7fdc770707d82e7d126f584cd925b74", [:mix], [], "hexpm", "59514c4a207f9f25c5252e09974367718554b6a0f41fe39f7dc232168f9cb309"},
  "ex_doc": {:hex, :ex_doc, "0.16.1", "b4b8a23602b4ce0e9a5a960a81260d1f7b29635b9652c67e95b0c2f7ccee5e81", [:mix], [{:earmark, "~> 1.1", [hex: :earmark, repo: "hexpm", optional: false]}], "hexpm", "1d4ecdc3f292883abf88b41c69da6a81fe928d6d0d65572a64b8d63a4d707693"},
}
